
Microsoft Visual Studio Solution File, Format Version 12.00
# Visual Studio Version 17
VisualStudioVersion = 17.7.34031.279
MinimumVisualStudioVersion = 10.0.40219.1
Project("{FAE04EC0-301F-11D3-BF4B-00C04F79EFBC}") = "Week7Functions", "Week7Functions\Week7Functions.csproj", "{7BF3DCA3-A683-402C-9F8A-202D56AA633F}"
EndProject
Project("{FAE04EC0-301F-11D3-BF4B-00C04F79EFBC}") = "ArgumentsAndParameters", "ArgumentsAndParameters\ArgumentsAndParameters.csproj", "{1748D082-D5DF-4103-829D-E416A6ED2E07}"
EndProject
Project("{FAE04EC0-301F-11D3-BF4B-00C04F79EFBC}") = "Calculator", "Calculator\Calculator.csproj", "{9AD3CBA7-4D33-4DB1-9AF6-80E7618BE5C5}"
EndProject
Project("{FAE04EC0-301F-11D3-BF4B-00C04F79EFBC}") = "DiscountCalculator", "DiscountCalculator\DiscountCalculator.csproj", "{FBE96C1E-1CD0-47DF-8DAB-B6A3592F1AEB}"
EndProject
Global
	GlobalSection(SolutionConfigurationPlatforms) = preSolution
		Debug|Any CPU = Debug|Any CPU
		Release|Any CPU = Release|Any CPU
	EndGlobalSection
	GlobalSection(ProjectConfigurationPlatforms) = postSolution
		{7BF3DCA3-A683-402C-9F8A-202D56AA633F}.Debug|Any CPU.ActiveCfg = Debug|Any CPU
		{7BF3DCA3-A683-402C-9F8A-202D56AA633F}.Debug|Any CPU.Build.0 = Debug|Any CPU
		{7BF3DCA3-A683-402C-9F8A-202D56AA633F}.Release|Any CPU.ActiveCfg = Release|Any CPU
		{7BF3DCA3-A683-402C-9F8A-202D56AA633F}.Release|Any CPU.Build.0 = Release|Any CPU
		{1748D082-D5DF-4103-829D-E416A6ED2E07}.Debug|Any CPU.ActiveCfg = Debug|Any CPU
		{1748D082-D5DF-4103-829D-E416A6ED2E07}.Debug|Any CPU.Build.0 = Debug|Any CPU
		{1748D082-D5DF-4103-829D-E416A6ED2E07}.Release|Any CPU.ActiveCfg = Release|Any CPU
		{1748D082-D5DF-4103-829D-E416A6ED2E07}.Release|Any CPU.Build.0 = Release|Any CPU
		{9AD3CBA7-4D33-4DB1-9AF6-80E7618BE5C5}.Debug|Any CPU.ActiveCfg = Debug|Any CPU
		{9AD3CBA7-4D33-4DB1-9AF6-80E7618BE5C5}.Debug|Any CPU.Build.0 = Debug|Any CPU
		{9AD3CBA7-4D33-4DB1-9AF6-80E7618BE5C5}.Release|Any CPU.ActiveCfg = Release|Any CPU
		{9AD3CBA7-4D33-4DB1-9AF6-80E7618BE5C5}.Release|Any CPU.Build.0 = Release|Any CPU
		{FBE96C1E-1CD0-47DF-8DAB-B6A3592F1AEB}.Debug|Any CPU.ActiveCfg = Debug|Any CPU
		{FBE96C1E-1CD0-47DF-8DAB-B6A3592F1AEB}.Debug|Any CPU.Build.0 = Debug|Any CPU
		{FBE96C1E-1CD0-47DF-8DAB-B6A3592F1AEB}.Release|Any CPU.ActiveCfg = Release|Any CPU
		{FBE96C1E-1CD0-47DF-8DAB-B6A3592F1AEB}.Release|Any CPU.Build.0 = Release|Any CPU
	EndGlobalSection
	GlobalSection(SolutionProperties) = preSolution
		HideSolutionNode = FALSE
	EndGlobalSection
	GlobalSection(ExtensibilityGlobals) = postSolution
		SolutionGuid = {96A3BE44-94AD-4CE2-A7E1-1E82AF2D5111}
	EndGlobalSection
EndGlobal
